{
  "lockfile_version": "1",
  "packages": {
    "bun@latest": {
      "last_modified": "2025-05-16T20:19:48Z",
      "resolved": "github:NixOS/nixpkgs/12a55407652e04dcf2309436eb06fef0d3713ef3#bun",
      "source": "devbox-search",
      "version": "1.2.13",
      "systems": {
        "aarch64-darwin": {
          "outputs": [
            {
              "name": "out",
              "path": "/nix/store/hr2ki7hf8rhpkdixdxz6l4zb131fi763-bun-1.2.13",
              "default": true
            }
          ],
          "store_path": "/nix/store/hr2ki7hf8rhpkdixdxz6l4zb131fi763-bun-1.2.13"
        },
        "aarch64-linux": {
          "outputs": [
            {
              "name": "out",
              "path": "/nix/store/94s959cnm35cf307idli4knkysyazg28-bun-1.2.13",
              "default": true
            }
          ],
          "store_path": "/nix/store/94s959cnm35cf307idli4knkysyazg28-bun-1.2.13"
        },
        "x86_64-darwin": {
          "outputs": [
            {
              "name": "out",
              "path": "/nix/store/m7sy70lk8sbrpm4mz5kg4xxbpx7y8vlj-bun-1.2.13",
              "default": true
            }
          ],
          "store_path": "/nix/store/m7sy70lk8sbrpm4mz5kg4xxbpx7y8vlj-bun-1.2.13"
        },
        "x86_64-linux": {
          "outputs": [
            {
              "name": "out",
              "path": "/nix/store/8f637538n75dw9yscwc05ywpkmhd9zaf-bun-1.2.13",
              "default": true
            }
          ],
          "store_path": "/nix/store/8f637538n75dw9yscwc05ywpkmhd9zaf-bun-1.2.13"
        }
      }
    },
    "librsvg@latest": {
      "last_modified": "2025-05-22T23:55:03Z",
      "resolved": "github:NixOS/nixpkgs/fe51d34885f7b5e3e7b59572796e1bcb427eccb1#librsvg",
      "source": "devbox-search",
      "version": "2.60.0",
      "systems": {
        "aarch64-darwin": {
          "outputs": [
            {
              "name": "out",
              "path": "/nix/store/xizyjf7kqzldgqjnsaijl6qqfdq4507n-librsvg-2.60.0",
              "default": true
            },
            {
              "name": "dev",
              "path": "/nix/store/71xw7ylh0sqfn4374f1ny71cp58iy73f-librsvg-2.60.0-dev"
            },
            {
              "name": "devdoc",
              "path": "/nix/store/x7ln4qg6dj480v4gwgngbw9yxbr0axpg-librsvg-2.60.0-devdoc"
            }
          ],
          "store_path": "/nix/store/xizyjf7kqzldgqjnsaijl6qqfdq4507n-librsvg-2.60.0"
        },
        "aarch64-linux": {
          "outputs": [
            {
              "name": "out",
              "path": "/nix/store/3dvyndmrdyzliz88bp3069wyqzqj9ysp-librsvg-2.60.0",
              "default": true
            },
            {
              "name": "devdoc",
              "path": "/nix/store/8yxjq02qabxi3sfh2dqhm9nzn23slyqr-librsvg-2.60.0-devdoc"
            },
            {
              "name": "dev",
              "path": "/nix/store/pcnw53x9g258dc3982lkdv7b0hvx3r5y-librsvg-2.60.0-dev"
            }
          ],
          "store_path": "/nix/store/3dvyndmrdyzliz88bp3069wyqzqj9ysp-librsvg-2.60.0"
        },
        "x86_64-darwin": {
          "outputs": [
            {
              "name": "out",
              "path": "/nix/store/nqggfywnmsmb0jvap70c8pl5dsblgipw-librsvg-2.60.0",
              "default": true
            },
            {
              "name": "dev",
              "path": "/nix/store/8lfn2qmpyhp37rbxjswl2wp4a9d13zqi-librsvg-2.60.0-dev"
            },
            {
              "name": "devdoc",
              "path": "/nix/store/lwcw23a9lf5c6w426a9ajg6bap1viryx-librsvg-2.60.0-devdoc"
            }
          ],
          "store_path": "/nix/store/nqggfywnmsmb0jvap70c8pl5dsblgipw-librsvg-2.60.0"
        },
        "x86_64-linux": {
          "outputs": [
            {
              "name": "out",
              "path": "/nix/store/14spdmgq38vmzywkkm65s65ab6923y6p-librsvg-2.60.0",
              "default": true
            },
            {
              "name": "devdoc",
              "path": "/nix/store/amyhkr0cs427xnszg5phyqzrdfxnsqbg-librsvg-2.60.0-devdoc"
            },
            {
              "name": "dev",
              "path": "/nix/store/p6bg7qnyh6k15bn9nzzl1d83k6vjnygk-librsvg-2.60.0-dev"
            }
          ],
          "store_path": "/nix/store/14spdmgq38vmzywkkm65s65ab6923y6p-librsvg-2.60.0"
        }
      }
    }
  }
}
